<?xml version="1.0" encoding="UTF-8" standalone="yes" ?>
<CodeBlocks_project_file>
	<FileVersion major="1" minor="6" />
	<Project>
		<Option title="Tests" />
		<Option pch_mode="2" />
		<Option compiler="gcc" />
		<Build>
			<Target title="Win32Debug">
				<Option platforms="Windows;" />
				<Option output="../bin/Testsd" prefix_auto="1" extension_auto="1" />
				<Option working_dir="../src/Tests" />
				<Option object_output="../obj/Debug" />
				<Option type="1" />
				<Option compiler="gcc" />
				<Compiler>
					<Add option="-g" />
					<Add option="-DWIN32" />
					<Add option="-D_DEBUG" />
					<Add option="-D_CONSOLE" />
				</Compiler>
				<Linker>
					<Add option="-nostartfiles -nodefaultlibs -nostdlib -ffreestanding" />
					<Add library="win32exd" />
					<Add library="ws2_32" />
					<Add library="shell32" />
					<Add library="user32" />
					<Add library="kernel32" />
				</Linker>
			</Target>
			<Target title="Win32Release">
				<Option platforms="Windows;" />
				<Option output="../bin/Tests" prefix_auto="1" extension_auto="1" />
				<Option working_dir="../src/Tests" />
				<Option object_output="../obj/Release" />
				<Option type="1" />
				<Option compiler="gcc" />
				<Compiler>
					<Add option="-O2" />
					<Add option="-DWIN32" />
					<Add option="-DNDEBUG" />
					<Add option="-D_CONSOLE" />
				</Compiler>
				<Linker>
					<Add option="-s" />
					<Add option="-nostartfiles -nodefaultlibs -nostdlib -ffreestanding" />
					<Add library="win32ex" />
					<Add library="ws2_32" />
					<Add library="shell32" />
					<Add library="user32" />
					<Add library="kernel32" />
				</Linker>
			</Target>
			<Target title="Linux32Debug">
				<Option platforms="Unix;" />
				<Option output="../bin/Testsd" prefix_auto="1" extension_auto="1" />
				<Option working_dir="../src/Tests" />
				<Option object_output="../obj/Debug" />
				<Option type="1" />
				<Option compiler="gcc" />
				<Compiler>
					<Add option="-m32" />
					<Add option="-g" />
					<Add option="-D_DEBUG" />
				</Compiler>
				<Linker>
					<Add option="-m32" />
					<Add library="win32exd" />
					<Add library="pthread" />
					<Add library="crypto" />
				</Linker>
			</Target>
			<Target title="Linux32Release">
				<Option platforms="Unix;" />
				<Option output="../bin/Tests" prefix_auto="1" extension_auto="1" />
				<Option working_dir="../src/Tests" />
				<Option object_output="../obj/Release" />
				<Option type="1" />
				<Option compiler="gcc" />
				<Compiler>
					<Add option="-O2" />
					<Add option="-m32" />
					<Add option="-DNDEBUG" />
				</Compiler>
				<Linker>
					<Add option="-s" />
					<Add option="-m32" />
					<Add library="win32ex" />
					<Add library="pthread" />
					<Add library="crypto" />
				</Linker>
			</Target>
		</Build>
		<Compiler>
			<Add option="-pedantic" />
			<Add option="-Wall" />
			<Add option="-std=c99" />
			<Add option="-mno-stack-arg-probe -fno-stack-check -fno-stack-protector -finput-charset=cp1252 -march=i486 -Wno-long-long" />
			<Add directory="../../win32ex/include" />
			<Add directory="../src/Tests/include" />
		</Compiler>
		<Linker>
			<Add directory="../../win32ex/lib" />
		</Linker>
		<Unit filename="../src/Tests/include/ZzManualTests.h" />
		<Unit filename="../src/Tests/include/ZzTestParseArgs.h" />
		<Unit filename="../src/Tests/include/ZzTests.h" />
		<Unit filename="../src/Tests/include/ZzTools.h" />
		<Unit filename="../src/Tests/src/ZzManualTests.c">
			<Option compilerVar="CC" />
		</Unit>
		<Unit filename="../src/Tests/src/ZzTestParseArgs.c">
			<Option compilerVar="CC" />
		</Unit>
		<Unit filename="../src/Tests/src/ZzTests.c">
			<Option compilerVar="CC" />
		</Unit>
		<Unit filename="../src/Tests/src/ZzTools.c">
			<Option compilerVar="CC" />
		</Unit>
		<Unit filename="../src/Tests/src/tests/ZzTestAtomic.c">
			<Option compilerVar="CC" />
		</Unit>
		<Unit filename="../src/Tests/src/tests/ZzTestBase64.c">
			<Option compilerVar="CC" />
		</Unit>
		<Unit filename="../src/Tests/src/tests/ZzTestChar.c">
			<Option compilerVar="CC" />
		</Unit>
		<Unit filename="../src/Tests/src/tests/ZzTestCommandLineArgs.c">
			<Option compilerVar="CC" />
		</Unit>
		<Unit filename="../src/Tests/src/tests/ZzTestEncoding.c">
			<Option compilerVar="CC" />
		</Unit>
		<Unit filename="../src/Tests/src/tests/ZzTestEnvVar.c">
			<Option compilerVar="CC" />
		</Unit>
		<Unit filename="../src/Tests/src/tests/ZzTestEnvVars.c">
			<Option compilerVar="CC" />
		</Unit>
		<Unit filename="../src/Tests/src/tests/ZzTestEvent.c">
			<Option compilerVar="CC" />
		</Unit>
		<Unit filename="../src/Tests/src/tests/ZzTestFile.c">
			<Option compilerVar="CC" />
		</Unit>
		<Unit filename="../src/Tests/src/tests/ZzTestFileSystem.c">
			<Option compilerVar="CC" />
		</Unit>
		<Unit filename="../src/Tests/src/tests/ZzTestHeap.c">
			<Option compilerVar="CC" />
		</Unit>
		<Unit filename="../src/Tests/src/tests/ZzTestInitialization.c">
			<Option compilerVar="CC" />
		</Unit>
		<Unit filename="../src/Tests/src/tests/ZzTestList.c">
			<Option compilerVar="CC" />
		</Unit>
		<Unit filename="../src/Tests/src/tests/ZzTestMemory.c">
			<Option compilerVar="CC" />
		</Unit>
		<Unit filename="../src/Tests/src/tests/ZzTestProcess.c">
			<Option compilerVar="CC" />
		</Unit>
		<Unit filename="../src/Tests/src/tests/ZzTestProperties.c">
			<Option compilerVar="CC" />
		</Unit>
		<Unit filename="../src/Tests/src/tests/ZzTestRandom.c">
			<Option compilerVar="CC" />
		</Unit>
		<Unit filename="../src/Tests/src/tests/ZzTestSocket.c">
			<Option compilerVar="CC" />
		</Unit>
		<Unit filename="../src/Tests/src/tests/ZzTestThread.c">
			<Option compilerVar="CC" />
		</Unit>
		<Unit filename="../src/Tests/src/tests/ZzTestTypes.c">
			<Option compilerVar="CC" />
		</Unit>
		<Unit filename="../src/Tests/src/tests/ZzTestUrl.c">
			<Option compilerVar="CC" />
		</Unit>
		<Extensions>
			<code_completion />
			<envvars />
			<debugger />
			<lib_finder disable_auto="1" />
		</Extensions>
	</Project>
</CodeBlocks_project_file>
