<?xml version="1.0" encoding="UTF-8" standalone="yes" ?>
<CodeBlocks_project_file>
	<FileVersion major="1" minor="6" />
	<Project>
		<Option title="XdbmScriptsLister" />
		<Option pch_mode="2" />
		<Option compiler="gcc" />
		<Build>
			<Target title="Win32Debug">
				<Option output="../bin/XdbmScriptsListerd" prefix_auto="1" extension_auto="1" />
				<Option working_dir="C:/rt15/Temp/temp/Axway/Datastore/DatastoreRuntime" />
				<Option object_output="../obj/Debug" />
				<Option type="1" />
				<Option compiler="gcc" />
				<Compiler>
					<Add option="-g" />
					<Add option="-DWIN32" />
				</Compiler>
				<Linker>
					<Add option="-nostartfiles -nodefaultlibs -nostdlib -ffreestanding" />
					<Add library="win32exd" />
					<Add library="shell32" />
					<Add library="user32" />
					<Add library="kernel32" />
				</Linker>
			</Target>
			<Target title="Win32Release">
				<Option output="../bin/XdbmScriptsLister" prefix_auto="1" extension_auto="1" />
				<Option working_dir="C:/rt15/Temp/temp/Axway/Datastore/DatastoreRuntime" />
				<Option object_output="../obj/Release" />
				<Option type="1" />
				<Option compiler="gcc" />
				<Compiler>
					<Add option="-O2" />
					<Add option="-DWIN32" />
				</Compiler>
				<Linker>
					<Add option="-s" />
					<Add option="-nostartfiles -nodefaultlibs -nostdlib -ffreestanding" />
					<Add library="win32ex" />
					<Add library="shell32" />
					<Add library="user32" />
					<Add library="kernel32" />
				</Linker>
			</Target>
		</Build>
		<Compiler>
			<Add option="-pedantic" />
			<Add option="-Wall" />
			<Add option="-ansi" />
			<Add option="-mno-stack-arg-probe -fno-stack-check -fno-stack-protector -finput-charset=cp1252 -march=i486 -Wno-long-long" />
			<Add directory="../../win32ex/include" />
		</Compiler>
		<Linker>
			<Add directory="../../win32ex/lib" />
		</Linker>
		<Unit filename="../src/XdbmScriptsLister/src/XdbmScriptsLister.c">
			<Option compilerVar="CC" />
		</Unit>
		<Extensions>
			<code_completion />
			<envvars />
			<debugger />
		</Extensions>
	</Project>
</CodeBlocks_project_file>
